
Microsoft Visual Studio Solution File, Format Version 12.00
# Visual Studio Version 17
VisualStudioVersion = 17.14.35906.104 d17.14
MinimumVisualStudioVersion = 10.0.40219.1
Project("{FAE04EC0-301F-11D3-BF4B-00C04F79EFBC}") = "Issue31818", "Issue31818.csproj", "{4A2F7F9F-EB81-4D3C-9D37-5977915E4404}"
EndProject
Global
	GlobalSection(SolutionConfigurationPlatforms) = preSolution
		Debug|Any CPU = Debug|Any CPU
		Release|Any CPU = Release|Any CPU
	EndGlobalSection
	GlobalSection(ProjectConfigurationPlatforms) = postSolution
		{4A2F7F9F-EB81-4D3C-9D37-5977915E4404}.Debug|Any CPU.ActiveCfg = Debug|Any CPU
		{4A2F7F9F-EB81-4D3C-9D37-5977915E4404}.Debug|Any CPU.Build.0 = Debug|Any CPU
		{4A2F7F9F-EB81-4D3C-9D37-5977915E4404}.Release|Any CPU.ActiveCfg = Release|Any CPU
		{4A2F7F9F-EB81-4D3C-9D37-5977915E4404}.Release|Any CPU.Build.0 = Release|Any CPU
	EndGlobalSection
	GlobalSection(SolutionProperties) = preSolution
		HideSolutionNode = FALSE
	EndGlobalSection
	GlobalSection(ExtensibilityGlobals) = postSolution
		SolutionGuid = {3099211D-03BF-4288-94C0-1A7818951FFB}
	EndGlobalSection
EndGlobal
