
Microsoft Visual Studio Solution File, Format Version 12.00
# Visual Studio Version 17
VisualStudioVersion = 17.14.35906.104 d17.14
MinimumVisualStudioVersion = 10.0.40219.1
Project("{FAE04EC0-301F-11D3-BF4B-00C04F79EFBC}") = "Script", "Script.csproj", "{095E159D-FCD1-4DBA-A7F9-67D470442468}"
EndProject
Global
	GlobalSection(SolutionConfigurationPlatforms) = preSolution
		Debug|Any CPU = Debug|Any CPU
		Release|Any CPU = Release|Any CPU
	EndGlobalSection
	GlobalSection(ProjectConfigurationPlatforms) = postSolution
		{095E159D-FCD1-4DBA-A7F9-67D470442468}.Debug|Any CPU.ActiveCfg = Debug|Any CPU
		{095E159D-FCD1-4DBA-A7F9-67D470442468}.Debug|Any CPU.Build.0 = Debug|Any CPU
		{095E159D-FCD1-4DBA-A7F9-67D470442468}.Release|Any CPU.ActiveCfg = Release|Any CPU
		{095E159D-FCD1-4DBA-A7F9-67D470442468}.Release|Any CPU.Build.0 = Release|Any CPU
	EndGlobalSection
	GlobalSection(SolutionProperties) = preSolution
		HideSolutionNode = FALSE
	EndGlobalSection
	GlobalSection(ExtensibilityGlobals) = postSolution
		SolutionGuid = {018B66B3-9690-4977-B468-8EBF4276807F}
	EndGlobalSection
EndGlobal
